
Microsoft Visual Studio Solution File, Format Version 12.00
# Visual Studio Version 17
VisualStudioVersion = 17.14.36408.4
MinimumVisualStudioVersion = 10.0.40219.1
Project("{FAE04EC0-301F-11D3-BF4B-00C04F79EFBC}") = "QuickFlow.BE.Repositories", "QuickFlow.BE.Repositories\QuickFlow.BE.Repositories.csproj", "{2BEBEE66-BFD7-4791-A409-01FE2D37FFD0}"
EndProject
Global
	GlobalSection(SolutionConfigurationPlatforms) = preSolution
		Debug|Any CPU = Debug|Any CPU
		Release|Any CPU = Release|Any CPU
	EndGlobalSection
	GlobalSection(ProjectConfigurationPlatforms) = postSolution
		{2BEBEE66-BFD7-4791-A409-01FE2D37FFD0}.Debug|Any CPU.ActiveCfg = Debug|Any CPU
		{2BEBEE66-BFD7-4791-A409-01FE2D37FFD0}.Debug|Any CPU.Build.0 = Debug|Any CPU
		{2BEBEE66-BFD7-4791-A409-01FE2D37FFD0}.Release|Any CPU.ActiveCfg = Release|Any CPU
		{2BEBEE66-BFD7-4791-A409-01FE2D37FFD0}.Release|Any CPU.Build.0 = Release|Any CPU
	EndGlobalSection
	GlobalSection(SolutionProperties) = preSolution
		HideSolutionNode = FALSE
	EndGlobalSection
	GlobalSection(ExtensibilityGlobals) = postSolution
		SolutionGuid = {A67ABFDD-2BFB-47C3-A4EF-DCAB2A6DB6A9}
	EndGlobalSection
EndGlobal
